// !$*UTF8*$!
{
	archiveVersion = 1;
	classes = {
	};
	objectVersion = 50;
	objects = {

/* Begin PBXBuildFile section */
		603C9E3B23B250990013EB79 /* AppDelegate.swift in Sources */ = {isa = PBXBuildFile; fileRef = 603C9E3A23B250990013EB79 /* AppDelegate.swift */; };
		603C9E3D23B250990013EB79 /* SceneDelegate.swift in Sources */ = {isa = PBXBuildFile; fileRef = 603C9E3C23B250990013EB79 /* SceneDelegate.swift */; };
		603C9E3F23B250990013EB79 /* firstVC.swift in Sources */ = {isa = PBXBuildFile; fileRef = 603C9E3E23B250990013EB79 /* firstVC.swift */; };
		603C9E4223B250990013EB79 /* Main.storyboard in Resources */ = {isa = PBXBuildFile; fileRef = 603C9E4023B250990013EB79 /* Main.storyboard */; };
		603C9E4423B2509B0013EB79 /* Assets.xcassets in Resources */ = {isa = PBXBuildFile; fileRef = 603C9E4323B2509B0013EB79 /* Assets.xcassets */; };
		603C9E4723B2509B0013EB79 /* LaunchScreen.storyboard in Resources */ = {isa = PBXBuildFile; fileRef = 603C9E4523B2509B0013EB79 /* LaunchScreen.storyboard */; };
		603C9E4F23B251290013EB79 /* secondVC.swift in Sources */ = {isa = PBXBuildFile; fileRef = 603C9E4E23B251290013EB79 /* secondVC.swift */; };
/* End PBXBuildFile section */

/* Begin PBXFileReference section */
		603C9E3723B250990013EB79 /* delgation -in-tab-bar-controllers.app */ = {isa = PBXFileReference; explicitFileType = wrapper.application; includeInIndex = 0; path = "delgation -in-tab-bar-controllers.app"; sourceTree = BUILT_PRODUCTS_DIR; };
		603C9E3A23B250990013EB79 /* AppDelegate.swift */ = {isa = PBXFileReference; lastKnownFileType = sourcecode.swift; path = AppDelegate.swift; sourceTree = "<group>"; };
		603C9E3C23B250990013EB79 /* SceneDelegate.swift */ = {isa = PBXFileReference; lastKnownFileType = sourcecode.swift; path = SceneDelegate.swift; sourceTree = "<group>"; };
		603C9E3E23B250990013EB79 /* firstVC.swift */ = {isa = PBXFileReference; lastKnownFileType = sourcecode.swift; path = firstVC.swift; sourceTree = "<group>"; };
		603C9E4123B250990013EB79 /* Base */ = {isa = PBXFileReference; lastKnownFileType = file.storyboard; name = Base; path = Base.lproj/Main.storyboard; sourceTree = "<group>"; };
		603C9E4323B2509B0013EB79 /* Assets.xcassets */ = {isa = PBXFileReference; lastKnownFileType = folder.assetcatalog; path = Assets.xcassets; sourceTree = "<group>"; };
		603C9E4623B2509B0013EB79 /* Base */ = {isa = PBXFileReference; lastKnownFileType = file.storyboard; name = Base; path = Base.lproj/LaunchScreen.storyboard; sourceTree = "<group>"; };
		603C9E4823B2509B0013EB79 /* Info.plist */ = {isa = PBXFileReference; lastKnownFileType = text.plist.xml; path = Info.plist; sourceTree = "<group>"; };
		603C9E4E23B251290013EB79 /* secondVC.swift */ = {isa = PBXFileReference; lastKnownFileType = sourcecode.swift; path = secondVC.swift; sourceTree = "<group>"; };
/* End PBXFileReference section */

/* Begin PBXFrameworksBuildPhase section */
		603C9E3423B250990013EB79 /* Frameworks */ = {
			isa = PBXFrameworksBuildPhase;
			buildActionMask = 2147483647;
			files = (
			);
			runOnlyForDeploymentPostprocessing = 0;
		};
/* End PBXFrameworksBuildPhase section */

/* Begin PBXGroup section */
		603C9E2E23B250990013EB79 = {
			isa = PBXGroup;
			children = (
				603C9E3923B250990013EB79 /* delgation -in-tab-bar-controllers */,
				603C9E3823B250990013EB79 /* Products */,
			);
			sourceTree = "<group>";
		};
		603C9E3823B250990013EB79 /* Products */ = {
			isa = PBXGroup;
			children = (
				603C9E3723B250990013EB79 /* delgation -in-tab-bar-controllers.app */,
			);
			name = Products;
			sourceTree = "<group>";
		};
		603C9E3923B250990013EB79 /* delgation -in-tab-bar-controllers */ = {
			isa = PBXGroup;
			children = (
				603C9E3A23B250990013EB79 /* AppDelegate.swift */,
				603C9E3C23B250990013EB79 /* SceneDelegate.swift */,
				603C9E3E23B250990013EB79 /* firstVC.swift */,
				603C9E4E23B251290013EB79 /* secondVC.swift */,
				603C9E4023B250990013EB79 /* Main.storyboard */,
				603C9E4323B2509B0013EB79 /* Assets.xcassets */,
				603C9E4523B2509B0013EB79 /* LaunchScreen.storyboard */,
				603C9E4823B2509B0013EB79 /* Info.plist */,
			);
			path = "delgation -in-tab-bar-controllers";
			sourceTree = "<group>";
		};
/* End PBXGroup section */

/* Begin PBXNativeTarget section */
		603C9E3623B250990013EB79 /* delgation -in-tab-bar-controllers */ = {
			isa = PBXNativeTarget;
			buildConfigurationList = 603C9E4B23B2509B0013EB79 /* Build configuration list for PBXNativeTarget "delgation -in-tab-bar-controllers" */;
			buildPhases = (
				603C9E3323B250990013EB79 /* Sources */,
				603C9E3423B250990013EB79 /* Frameworks */,
				603C9E3523B250990013EB79 /* Resources */,
			);
			buildRules = (
			);
			dependencies = (
			);
			name = "delgation -in-tab-bar-controllers";
			productName = "delgation -in-tab-bar-controllers";
			productReference = 603C9E3723B250990013EB79 /* delgation -in-tab-bar-controllers.app */;
			productType = "com.apple.product-type.application";
		};
/* End PBXNativeTarget section */

/* Begin PBXProject section */
		603C9E2F23B250990013EB79 /* Project object */ = {
			isa = PBXProject;
			attributes = {
				LastSwiftUpdateCheck = 1130;
				LastUpgradeCheck = 1130;
				ORGANIZATIONNAME = "Mohamed Samir";
				TargetAttributes = {
					603C9E3623B250990013EB79 = {
						CreatedOnToolsVersion = 11.3;
					};
				};
			};
			buildConfigurationList = 603C9E3223B250990013EB79 /* Build configuration list for PBXProject "delgation -in-tab-bar-controllers" */;
			compatibilityVersion = "Xcode 9.3";
			developmentRegion = en;
			hasScannedForEncodings = 0;
			knownRegions = (
				en,
				Base,
			);
			mainGroup = 603C9E2E23B250990013EB79;
			productRefGroup = 603C9E3823B250990013EB79 /* Products */;
			projectDirPath = "";
			projectRoot = "";
			targets = (
				603C9E3623B250990013EB79 /* delgation -in-tab-bar-controllers */,
			);
		};
/* End PBXProject section */

/* Begin PBXResourcesBuildPhase section */
		603C9E3523B250990013EB79 /* Resources */ = {
			isa = PBXResourcesBuildPhase;
			buildActionMask = 2147483647;
			files = (
				603C9E4723B2509B0013EB79 /* LaunchScreen.storyboard in Resources */,
				603C9E4423B2509B0013EB79 /* Assets.xcassets in Resources */,
				603C9E4223B250990013EB79 /* Main.storyboard in Resources */,
			);
			runOnlyForDeploymentPostprocessing = 0;
		};
/* End PBXResourcesBuildPhase section */

/* Begin PBXSourcesBuildPhase section */
		603C9E3323B250990013EB79 /* Sources */ = {
			isa = PBXSourcesBuildPhase;
			buildActionMask = 2147483647;
			files = (
				603C9E3F23B250990013EB79 /* firstVC.swift in Sources */,
				603C9E3B23B250990013EB79 /* AppDelegate.swift in Sources */,
				603C9E4F23B251290013EB79 /* secondVC.swift in Sources */,
				603C9E3D23B250990013EB79 /* SceneDelegate.swift in Sources */,
			);
			runOnlyForDeploymentPostprocessing = 0;
		};
/* End PBXSourcesBuildPhase section */

/* Begin PBXVariantGroup section */
		603C9E4023B250990013EB79 /* Main.storyboard */ = {
			isa = PBXVariantGroup;
			children = (
				603C9E4123B250990013EB79 /* Base */,
			);
			name = Main.storyboard;
			sourceTree = "<group>";
		};
		603C9E4523B2509B0013EB79 /* LaunchScreen.storyboard */ = {
			isa = PBXVariantGroup;
			children = (
				603C9E4623B2509B0013EB79 /* Base */,
			);
			name = LaunchScreen.storyboard;
			sourceTree = "<group>";
		};
/* End PBXVariantGroup section */

/* Begin XCBuildConfiguration section */
		603C9E4923B2509B0013EB79 /* Debug */ = {
			isa = XCBuildConfiguration;
			buildSettings = {
				ALWAYS_SEARCH_USER_PATHS = NO;
				CLANG_ANALYZER_NONNULL = YES;
				CLANG_ANALYZER_NUMBER_OBJECT_CONVERSION = YES_AGGRESSIVE;
				CLANG_CXX_LANGUAGE_STANDARD = "gnu++14";
				CLANG_CXX_LIBRARY = "libc++";
				CLANG_ENABLE_MODULES = YES;
				CLANG_ENABLE_OBJC_ARC = YES;
				CLANG_ENABLE_OBJC_WEAK = YES;
				CLANG_WARN_BLOCK_CAPTURE_AUTORELEASING = YES;
				CLANG_WARN_BOOL_CONVERSION = YES;
				CLANG_WARN_COMMA = YES;
				CLANG_WARN_CONSTANT_CONVERSION = YES;
				CLANG_WARN_DEPRECATED_OBJC_IMPLEMENTATIONS = YES;
				CLANG_WARN_DIRECT_OBJC_ISA_USAGE = YES_ERROR;
				CLANG_WARN_DOCUMENTATION_COMMENTS = YES;
				CLANG_WARN_EMPTY_BODY = YES;
				CLANG_WARN_ENUM_CONVERSION = YES;
				CLANG_WARN_INFINITE_RECURSION = YES;
				CLANG_WARN_INT_CONVERSION = YES;
				CLANG_WARN_NON_LITERAL_NULL_CONVERSION = YES;
				CLANG_WARN_OBJC_IMPLICIT_RETAIN_SELF = YES;
				CLANG_WARN_OBJC_LITERAL_CONVERSION = YES;
				CLANG_WARN_OBJC_ROOT_CLASS = YES_ERROR;
				CLANG_WARN_RANGE_LOOP_ANALYSIS = YES;
				CLANG_WARN_STRICT_PROTOTYPES = YES;
				CLANG_WARN_SUSPICIOUS_MOVE = YES;
				CLANG_WARN_UNGUARDED_AVAILABILITY = YES_AGGRESSIVE;
				CLANG_WARN_UNREACHABLE_CODE = YES;
				CLANG_WARN__DUPLICATE_METHOD_MATCH = YES;
				COPY_PHASE_STRIP = NO;
				DEBUG_INFORMATION_FORMAT = dwarf;
				ENABLE_STRICT_OBJC_MSGSEND = YES;
				ENABLE_TESTABILITY = YES;
				GCC_C_LANGUAGE_STANDARD = gnu11;
				GCC_DYNAMIC_NO_PIC = NO;
				GCC_NO_COMMON_BLOCKS = YES;
				GCC_OPTIMIZATION_LEVEL = 0;
				GCC_PREPROCESSOR_DEFINITIONS = (
					"DEBUG=1",
					"$(inherited)",
				);
				GCC_WARN_64_TO_32_BIT_CONVERSION = YES;
				GCC_WARN_ABOUT_RETURN_TYPE = YES_ERROR;
				GCC_WARN_UNDECLARED_SELECTOR = YES;
				GCC_WARN_UNINITIALIZED_AUTOS = YES_AGGRESSIVE;
				GCC_WARN_UNUSED_FUNCTION = YES;
				GCC_WARN_UNUSED_VARIABLE = YES;
				IPHONEOS_DEPLOYMENT_TARGET = 13.2;
				MTL_ENABLE_DEBUG_INFO = INCLUDE_SOURCE;
				MTL_FAST_MATH = YES;
				ONLY_ACTIVE_ARCH = YES;
				SDKROOT = iphoneos;
				SWIFT_ACTIVE_COMPILATION_CONDITIONS = DEBUG;
				SWIFT_OPTIMIZATION_LEVEL = "-Onone";
			};
			name = Debug;
		};
		603C9E4A23B2509B0013EB79 /* Release */ = {
			isa = XCBuildConfiguration;
			buildSettings = {
				ALWAYS_SEARCH_USER_PATHS = NO;
				CLANG_ANALYZER_NONNULL = YES;
				CLANG_ANALYZER_NUMBER_OBJECT_CONVERSION = YES_AGGRESSIVE;
				CLANG_CXX_LANGUAGE_STANDARD = "gnu++14";
				CLANG_CXX_LIBRARY = "libc++";
				CLANG_ENABLE_MODULES = YES;
				CLANG_ENABLE_OBJC_ARC = YES;
				CLANG_ENABLE_OBJC_WEAK = YES;
				CLANG_WARN_BLOCK_CAPTURE_AUTORELEASING = YES;
				CLANG_WARN_BOOL_CONVERSION = YES;
				CLANG_WARN_COMMA = YES;
				CLANG_WARN_CONSTANT_CONVERSION = YES;
				CLANG_WARN_DEPRECATED_OBJC_IMPLEMENTATIONS = YES;
				CLANG_WARN_DIRECT_OBJC_ISA_USAGE = YES_ERROR;
				CLANG_WARN_DOCUMENTATION_COMMENTS = YES;
				CLANG_WARN_EMPTY_BODY = YES;
				CLANG_WARN_ENUM_CONVERSION = YES;
				CLANG_WARN_INFINITE_RECURSION = YES;
				CLANG_WARN_INT_CONVERSION = YES;
				CLANG_WARN_NON_LITERAL_NULL_CONVERSION = YES;
				CLANG_WARN_OBJC_IMPLICIT_RETAIN_SELF = YES;
				CLANG_WARN_OBJC_LITERAL_CONVERSION = YES;
				CLANG_WARN_OBJC_ROOT_CLASS = YES_ERROR;
				CLANG_WARN_RANGE_LOOP_ANALYSIS = YES;
				CLANG_WARN_STRICT_PROTOTYPES = YES;
				CLANG_WARN_SUSPICIOUS_MOVE = YES;
				CLANG_WARN_UNGUARDED_AVAILABILITY = YES_AGGRESSIVE;
				CLANG_WARN_UNREACHABLE_CODE = YES;
				CLANG_WARN__DUPLICATE_METHOD_MATCH = YES;
				COPY_PHASE_STRIP = NO;
				DEBUG_INFORMATION_FORMAT = "dwarf-with-dsym";
				ENABLE_NS_ASSERTIONS = NO;
				ENABLE_STRICT_OBJC_MSGSEND = YES;
				GCC_C_LANGUAGE_STANDARD = gnu11;
				GCC_NO_COMMON_BLOCKS = YES;
				GCC_WARN_64_TO_32_BIT_CONVERSION = YES;
				GCC_WARN_ABOUT_RETURN_TYPE = YES_ERROR;
				GCC_WARN_UNDECLARED_SELECTOR = YES;
				GCC_WARN_UNINITIALIZED_AUTOS = YES_AGGRESSIVE;
				GCC_WARN_UNUSED_FUNCTION = YES;
				GCC_WARN_UNUSED_VARIABLE = YES;
				IPHONEOS_DEPLOYMENT_TARGET = 13.2;
				MTL_ENABLE_DEBUG_INFO = NO;
				MTL_FAST_MATH = YES;
				SDKROOT = iphoneos;
				SWIFT_COMPILATION_MODE = wholemodule;
				SWIFT_OPTIMIZATION_LEVEL = "-O";
				VALIDATE_PRODUCT = YES;
			};
			name = Release;
		};
		603C9E4C23B2509B0013EB79 /* Debug */ = {
			isa = XCBuildConfiguration;
			buildSettings = {
				ASSETCATALOG_COMPILER_APPICON_NAME = AppIcon;
				CODE_SIGN_STYLE = Automatic;
				DEVELOPMENT_TEAM = 89LNLGMUPU;
				INFOPLIST_FILE = "delgation -in-tab-bar-controllers/Info.plist";
				LD_RUNPATH_SEARCH_PATHS = (
					"$(inherited)",
					"@executable_path/Frameworks",
				);
				PRODUCT_BUNDLE_IDENTIFIER = "www.MohamedSamirEG.com.delgation--in-tab-bar-controllers";
				PRODUCT_NAME = "$(TARGET_NAME)";
				SWIFT_VERSION = 5.0;
				TARGETED_DEVICE_FAMILY = "1,2";
			};
			name = Debug;
		};
		603C9E4D23B2509B0013EB79 /* Release */ = {
			isa = XCBuildConfiguration;
			buildSettings = {
				ASSETCATALOG_COMPILER_APPICON_NAME = AppIcon;
				CODE_SIGN_STYLE = Automatic;
				DEVELOPMENT_TEAM = 89LNLGMUPU;
				INFOPLIST_FILE = "delgation -in-tab-bar-controllers/Info.plist";
				LD_RUNPATH_SEARCH_PATHS = (
					"$(inherited)",
					"@executable_path/Frameworks",
				);
				PRODUCT_BUNDLE_IDENTIFIER = "www.MohamedSamirEG.com.delgation--in-tab-bar-controllers";
				PRODUCT_NAME = "$(TARGET_NAME)";
				SWIFT_VERSION = 5.0;
				TARGETED_DEVICE_FAMILY = "1,2";
			};
			name = Release;
		};
/* End XCBuildConfiguration section */

/* Begin XCConfigurationList section */
		603C9E3223B250990013EB79 /* Build configuration list for PBXProject "delgation -in-tab-bar-controllers" */ = {
			isa = XCConfigurationList;
			buildConfigurations = (
				603C9E4923B2509B0013EB79 /* Debug */,
				603C9E4A23B2509B0013EB79 /* Release */,
			);
			defaultConfigurationIsVisible = 0;
			defaultConfigurationName = Release;
		};
		603C9E4B23B2509B0013EB79 /* Build configuration list for PBXNativeTarget "delgation -in-tab-bar-controllers" */ = {
			isa = XCConfigurationList;
			buildConfigurations = (
				603C9E4C23B2509B0013EB79 /* Debug */,
				603C9E4D23B2509B0013EB79 /* Release */,
			);
			defaultConfigurationIsVisible = 0;
			defaultConfigurationName = Release;
		};
/* End XCConfigurationList section */
	};
	rootObject = 603C9E2F23B250990013EB79 /* Project object */;
}
